
Microsoft Visual Studio Solution File, Format Version 12.00
# Visual Studio Version 17
VisualStudioVersion = 17.7.34024.191
MinimumVisualStudioVersion = 10.0.40219.1
Project("{9A19103F-16F7-4668-BE54-9A1E7A4F7556}") = "HelloWorld", "HelloWorld\HelloWorld.csproj", "{94D16451-E6FD-4B53-BBDB-7A860C53C81B}"
EndProject
Project("{9A19103F-16F7-4668-BE54-9A1E7A4F7556}") = "IFSatser", "IFSatser\IFSatser.csproj", "{D1BC9E49-54D7-4C4A-9F0E-C1C2F7D8875D}"
EndProject
Project("{FAE04EC0-301F-11D3-BF4B-00C04F79EFBC}") = "MenuTemplate", "MenuTemplate\MenuTemplate.csproj", "{87A0FA37-02DF-4ECC-A82F-E2FC0F64A16B}"
EndProject
Project("{FAE04EC0-301F-11D3-BF4B-00C04F79EFBC}") = "Loopar", "Loopar\Loopar.csproj", "{C99C5884-64DD-49DB-B8C2-E6E7E0C4FB24}"
EndProject
Global
	GlobalSection(SolutionConfigurationPlatforms) = preSolution
		Debug|Any CPU = Debug|Any CPU
		Release|Any CPU = Release|Any CPU
	EndGlobalSection
	GlobalSection(ProjectConfigurationPlatforms) = postSolution
		{94D16451-E6FD-4B53-BBDB-7A860C53C81B}.Debug|Any CPU.ActiveCfg = Debug|Any CPU
		{94D16451-E6FD-4B53-BBDB-7A860C53C81B}.Debug|Any CPU.Build.0 = Debug|Any CPU
		{94D16451-E6FD-4B53-BBDB-7A860C53C81B}.Release|Any CPU.ActiveCfg = Release|Any CPU
		{94D16451-E6FD-4B53-BBDB-7A860C53C81B}.Release|Any CPU.Build.0 = Release|Any CPU
		{D1BC9E49-54D7-4C4A-9F0E-C1C2F7D8875D}.Debug|Any CPU.ActiveCfg = Debug|Any CPU
		{D1BC9E49-54D7-4C4A-9F0E-C1C2F7D8875D}.Debug|Any CPU.Build.0 = Debug|Any CPU
		{D1BC9E49-54D7-4C4A-9F0E-C1C2F7D8875D}.Release|Any CPU.ActiveCfg = Release|Any CPU
		{D1BC9E49-54D7-4C4A-9F0E-C1C2F7D8875D}.Release|Any CPU.Build.0 = Release|Any CPU
		{87A0FA37-02DF-4ECC-A82F-E2FC0F64A16B}.Debug|Any CPU.ActiveCfg = Debug|Any CPU
		{87A0FA37-02DF-4ECC-A82F-E2FC0F64A16B}.Debug|Any CPU.Build.0 = Debug|Any CPU
		{87A0FA37-02DF-4ECC-A82F-E2FC0F64A16B}.Release|Any CPU.ActiveCfg = Release|Any CPU
		{87A0FA37-02DF-4ECC-A82F-E2FC0F64A16B}.Release|Any CPU.Build.0 = Release|Any CPU
		{C99C5884-64DD-49DB-B8C2-E6E7E0C4FB24}.Debug|Any CPU.ActiveCfg = Debug|Any CPU
		{C99C5884-64DD-49DB-B8C2-E6E7E0C4FB24}.Debug|Any CPU.Build.0 = Debug|Any CPU
		{C99C5884-64DD-49DB-B8C2-E6E7E0C4FB24}.Release|Any CPU.ActiveCfg = Release|Any CPU
		{C99C5884-64DD-49DB-B8C2-E6E7E0C4FB24}.Release|Any CPU.Build.0 = Release|Any CPU
	EndGlobalSection
	GlobalSection(SolutionProperties) = preSolution
		HideSolutionNode = FALSE
	EndGlobalSection
	GlobalSection(ExtensibilityGlobals) = postSolution
		SolutionGuid = {6DFCFA67-E07C-477F-AD47-7A5A2A2F3AA9}
	EndGlobalSection
EndGlobal
