
Microsoft Visual Studio Solution File, Format Version 12.00
# Visual Studio Version 17
VisualStudioVersion = 17.7.34024.191
MinimumVisualStudioVersion = 10.0.40219.1
Project("{9A19103F-16F7-4668-BE54-9A1E7A4F7556}") = "HelloWorld", "HelloWorld\HelloWorld.csproj", "{94D16451-E6FD-4B53-BBDB-7A860C53C81B}"
EndProject
Project("{9A19103F-16F7-4668-BE54-9A1E7A4F7556}") = "IFSatser", "IFSatser\IFSatser.csproj", "{D1BC9E49-54D7-4C4A-9F0E-C1C2F7D8875D}"
EndProject
Project("{9A19103F-16F7-4668-BE54-9A1E7A4F7556}") = "MenuTemplate", "MenuTemplate\MenuTemplate.csproj", "{87A0FA37-02DF-4ECC-A82F-E2FC0F64A16B}"
EndProject
Project("{9A19103F-16F7-4668-BE54-9A1E7A4F7556}") = "Loopar", "Loopar\Loopar.csproj", "{C99C5884-64DD-49DB-B8C2-E6E7E0C4FB24}"
EndProject
Project("{9A19103F-16F7-4668-BE54-9A1E7A4F7556}") = "Conditions", "Conditions\Conditions.csproj", "{6E86F548-C53A-4EA6-8D88-D7C18E6A9338}"
EndProject
Project("{9A19103F-16F7-4668-BE54-9A1E7A4F7556}") = "MiniBoss", "MiniBoss\MiniBoss.csproj", "{27EE84E9-03CB-4561-8C4D-B0922B7DC126}"
EndProject
Project("{9A19103F-16F7-4668-BE54-9A1E7A4F7556}") = "Calculator", "Calculator\Calculator.csproj", "{8BEE13B3-1181-4AD8-BA9B-9D1F58DEF0C5}"
EndProject
Project("{9A19103F-16F7-4668-BE54-9A1E7A4F7556}") = "FileIO", "FileIO\FileIO.csproj", "{DDDE75F7-D56C-4CFB-8E61-BCE5538A54DC}"
EndProject
Project("{9A19103F-16F7-4668-BE54-9A1E7A4F7556}") = "EnumExercises", "EnumExercises\EnumExercises.csproj", "{7FDB48AA-89B8-433D-BA76-3268471A97C4}"
EndProject
Project("{9A19103F-16F7-4668-BE54-9A1E7A4F7556}") = "SalaryCalculator", "SalaryCalculator\SalaryCalculator.csproj", "{6B0F8BAD-DCB0-42A3-9AEA-141EC81DA556}"
EndProject
Project("{9A19103F-16F7-4668-BE54-9A1E7A4F7556}") = "OvningGetNumberFromUser", "OvningGetNumberFromUser\OvningGetNumberFromUser.csproj", "{A9473A9A-E9CF-47A2-AD6D-4B31471A8197}"
EndProject
Project("{9A19103F-16F7-4668-BE54-9A1E7A4F7556}") = "RecursionOvningFibonaccis", "RecursionOvningFibonaccis\RecursionOvningFibonaccis.csproj", "{C9E30639-19DB-4471-916B-8ECDD4D0A9B8}"
EndProject
Project("{9A19103F-16F7-4668-BE54-9A1E7A4F7556}") = "Dice", "Dice\Dice.csproj", "{67F07E72-629A-4AE2-899B-DAF7328780DB}"
EndProject
Project("{9A19103F-16F7-4668-BE54-9A1E7A4F7556}") = "ColourClass", "Colour\ColourClass.csproj", "{20D846EE-2C4C-4225-AFC4-A1138EEDE5B4}"
EndProject
Project("{9A19103F-16F7-4668-BE54-9A1E7A4F7556}") = "Properties", "Properties\Properties.csproj", "{7AFB3313-83E8-49FF-8B67-FBF5FE595AEB}"
EndProject
Project("{9A19103F-16F7-4668-BE54-9A1E7A4F7556}") = "Inheritance", "Inheritance\Inheritance.csproj", "{C2BF508D-CAE0-4CE3-B99C-5A376362F3DF}"
EndProject
Project("{9A19103F-16F7-4668-BE54-9A1E7A4F7556}") = "InheritanceOvning", "InheritanceOvning\InheritanceOvning.csproj", "{10623EDF-2568-4F0A-9B65-20662272E370}"
EndProject
Project("{9A19103F-16F7-4668-BE54-9A1E7A4F7556}") = "Struct", "Struct\Struct.csproj", "{B45D61DF-EE64-4C1C-937B-DBE6A3253171}"
EndProject
Project("{9A19103F-16F7-4668-BE54-9A1E7A4F7556}") = "Interface", "Interface\Interface.csproj", "{DAA8BE05-ED7C-4FD5-861E-547588049656}"
EndProject
Project("{2150E333-8FDC-42A3-9474-1A3956D46DE8}") = "1 S", "1 S", "{C9844B68-209B-4552-B97C-BA58A52D7D27}"
EndProject
Project("{2150E333-8FDC-42A3-9474-1A3956D46DE8}") = "2 O", "2 O", "{EC67DC48-A7E2-4F56-ADB1-D42221518D2D}"
EndProject
Project("{2150E333-8FDC-42A3-9474-1A3956D46DE8}") = "3 L", "3 L", "{87192098-FCBE-49BF-BB9A-5D9F52417174}"
EndProject
Project("{2150E333-8FDC-42A3-9474-1A3956D46DE8}") = "4 I", "4 I", "{219F1AE2-BD51-477A-B419-D75F6ABE26AB}"
EndProject
Project("{2150E333-8FDC-42A3-9474-1A3956D46DE8}") = "5 D", "5 D", "{F6E261B9-6135-4665-AD13-3043053D3471}"
EndProject
Project("{9A19103F-16F7-4668-BE54-9A1E7A4F7556}") = "S_BAD", "S_BAD\S_BAD.csproj", "{0AEC912D-7DD4-4EB0-AC66-8A93F8477F9F}"
EndProject
Project("{9A19103F-16F7-4668-BE54-9A1E7A4F7556}") = "S_GOOD", "S_GOOD\S_GOOD.csproj", "{B71277F6-E81F-45B1-A9B4-C783E92AA9A9}"
EndProject
Project("{9A19103F-16F7-4668-BE54-9A1E7A4F7556}") = "O_BAD", "O_BAD\O_BAD.csproj", "{C345C97A-8499-4364-809B-76E054ADCD48}"
EndProject
Project("{9A19103F-16F7-4668-BE54-9A1E7A4F7556}") = "O_GOOD", "O_GOOD\O_GOOD.csproj", "{B69FA6F7-F6D2-4ED2-9167-F0A981B4D9E8}"
EndProject
Project("{9A19103F-16F7-4668-BE54-9A1E7A4F7556}") = "L_BAD", "L_BAD\L_BAD.csproj", "{F1E7C6C7-63A4-4478-B959-B5ED5046FC44}"
EndProject
Project("{9A19103F-16F7-4668-BE54-9A1E7A4F7556}") = "L_GOOD", "L_GOOD\L_GOOD.csproj", "{D61A3F09-B477-4BA4-B65A-6E70854AD260}"
EndProject
Project("{9A19103F-16F7-4668-BE54-9A1E7A4F7556}") = "I_BAD", "I_BAD\I_BAD.csproj", "{ADAA6F46-FB80-4CAB-BB67-E10E34A516E9}"
EndProject
Project("{9A19103F-16F7-4668-BE54-9A1E7A4F7556}") = "I_GOOD", "I_GOOD\I_GOOD.csproj", "{29845014-08FB-4D3C-9F49-42DAF8EBC33A}"
EndProject
Project("{9A19103F-16F7-4668-BE54-9A1E7A4F7556}") = "D_BAD", "D_BAD\D_BAD.csproj", "{7A95AE24-E8F7-429F-9B04-E2974C4BE861}"
EndProject
Project("{9A19103F-16F7-4668-BE54-9A1E7A4F7556}") = "D_GOOD", "D_GOOD\D_GOOD.csproj", "{5B6B0BE8-28E4-4FBF-B7AE-1221D4191DFB}"
EndProject
Project("{9A19103F-16F7-4668-BE54-9A1E7A4F7556}") = "StrategyExcercise", "StrategyExcercise\StrategyExcercise.csproj", "{5B045209-E6CF-4F56-B04D-74F6900E5C2C}"
EndProject
Project("{9A19103F-16F7-4668-BE54-9A1E7A4F7556}") = "StrategyCalculator", "StrategyCalculator\StrategyCalculator.csproj", "{5454BDD2-832A-4495-8639-A57A449242EB}"
EndProject
Project("{9A19103F-16F7-4668-BE54-9A1E7A4F7556}") = "ObserverDesignPattern", "ObserverDesignPattern\ObserverDesignPattern.csproj", "{E7D4CC03-4B28-414C-B656-5F843D509CC9}"
EndProject
Project("{9A19103F-16F7-4668-BE54-9A1E7A4F7556}") = "FactoryDesignPattern", "FactoryDesignPattern\FactoryDesignPattern.csproj", "{5D5B016C-4720-486C-B83A-C71A00165C0B}"
EndProject
Project("{FAE04EC0-301F-11D3-BF4B-00C04F79EFBC}") = "Delegate", "Delegate\Delegate.csproj", "{EC55F04D-6425-44D7-84C4-A96A5B4CC514}"
EndProject
Project("{FAE04EC0-301F-11D3-BF4B-00C04F79EFBC}") = "AgeGroup", "AgeGroup\AgeGroup.csproj", "{A40E7BA3-7EBF-432B-B611-D7FBD3F69EB0}"
EndProject
Global
	GlobalSection(SolutionConfigurationPlatforms) = preSolution
		Debug|Any CPU = Debug|Any CPU
		Release|Any CPU = Release|Any CPU
	EndGlobalSection
	GlobalSection(ProjectConfigurationPlatforms) = postSolution
		{94D16451-E6FD-4B53-BBDB-7A860C53C81B}.Debug|Any CPU.ActiveCfg = Debug|Any CPU
		{94D16451-E6FD-4B53-BBDB-7A860C53C81B}.Debug|Any CPU.Build.0 = Debug|Any CPU
		{94D16451-E6FD-4B53-BBDB-7A860C53C81B}.Release|Any CPU.ActiveCfg = Release|Any CPU
		{94D16451-E6FD-4B53-BBDB-7A860C53C81B}.Release|Any CPU.Build.0 = Release|Any CPU
		{D1BC9E49-54D7-4C4A-9F0E-C1C2F7D8875D}.Debug|Any CPU.ActiveCfg = Debug|Any CPU
		{D1BC9E49-54D7-4C4A-9F0E-C1C2F7D8875D}.Debug|Any CPU.Build.0 = Debug|Any CPU
		{D1BC9E49-54D7-4C4A-9F0E-C1C2F7D8875D}.Release|Any CPU.ActiveCfg = Release|Any CPU
		{D1BC9E49-54D7-4C4A-9F0E-C1C2F7D8875D}.Release|Any CPU.Build.0 = Release|Any CPU
		{87A0FA37-02DF-4ECC-A82F-E2FC0F64A16B}.Debug|Any CPU.ActiveCfg = Debug|Any CPU
		{87A0FA37-02DF-4ECC-A82F-E2FC0F64A16B}.Debug|Any CPU.Build.0 = Debug|Any CPU
		{87A0FA37-02DF-4ECC-A82F-E2FC0F64A16B}.Release|Any CPU.ActiveCfg = Release|Any CPU
		{87A0FA37-02DF-4ECC-A82F-E2FC0F64A16B}.Release|Any CPU.Build.0 = Release|Any CPU
		{C99C5884-64DD-49DB-B8C2-E6E7E0C4FB24}.Debug|Any CPU.ActiveCfg = Debug|Any CPU
		{C99C5884-64DD-49DB-B8C2-E6E7E0C4FB24}.Debug|Any CPU.Build.0 = Debug|Any CPU
		{C99C5884-64DD-49DB-B8C2-E6E7E0C4FB24}.Release|Any CPU.ActiveCfg = Release|Any CPU
		{C99C5884-64DD-49DB-B8C2-E6E7E0C4FB24}.Release|Any CPU.Build.0 = Release|Any CPU
		{6E86F548-C53A-4EA6-8D88-D7C18E6A9338}.Debug|Any CPU.ActiveCfg = Debug|Any CPU
		{6E86F548-C53A-4EA6-8D88-D7C18E6A9338}.Debug|Any CPU.Build.0 = Debug|Any CPU
		{6E86F548-C53A-4EA6-8D88-D7C18E6A9338}.Release|Any CPU.ActiveCfg = Release|Any CPU
		{6E86F548-C53A-4EA6-8D88-D7C18E6A9338}.Release|Any CPU.Build.0 = Release|Any CPU
		{27EE84E9-03CB-4561-8C4D-B0922B7DC126}.Debug|Any CPU.ActiveCfg = Debug|Any CPU
		{27EE84E9-03CB-4561-8C4D-B0922B7DC126}.Debug|Any CPU.Build.0 = Debug|Any CPU
		{27EE84E9-03CB-4561-8C4D-B0922B7DC126}.Release|Any CPU.ActiveCfg = Release|Any CPU
		{27EE84E9-03CB-4561-8C4D-B0922B7DC126}.Release|Any CPU.Build.0 = Release|Any CPU
		{8BEE13B3-1181-4AD8-BA9B-9D1F58DEF0C5}.Debug|Any CPU.ActiveCfg = Debug|Any CPU
		{8BEE13B3-1181-4AD8-BA9B-9D1F58DEF0C5}.Debug|Any CPU.Build.0 = Debug|Any CPU
		{8BEE13B3-1181-4AD8-BA9B-9D1F58DEF0C5}.Release|Any CPU.ActiveCfg = Release|Any CPU
		{8BEE13B3-1181-4AD8-BA9B-9D1F58DEF0C5}.Release|Any CPU.Build.0 = Release|Any CPU
		{DDDE75F7-D56C-4CFB-8E61-BCE5538A54DC}.Debug|Any CPU.ActiveCfg = Debug|Any CPU
		{DDDE75F7-D56C-4CFB-8E61-BCE5538A54DC}.Debug|Any CPU.Build.0 = Debug|Any CPU
		{DDDE75F7-D56C-4CFB-8E61-BCE5538A54DC}.Release|Any CPU.ActiveCfg = Release|Any CPU
		{DDDE75F7-D56C-4CFB-8E61-BCE5538A54DC}.Release|Any CPU.Build.0 = Release|Any CPU
		{7FDB48AA-89B8-433D-BA76-3268471A97C4}.Debug|Any CPU.ActiveCfg = Debug|Any CPU
		{7FDB48AA-89B8-433D-BA76-3268471A97C4}.Debug|Any CPU.Build.0 = Debug|Any CPU
		{7FDB48AA-89B8-433D-BA76-3268471A97C4}.Release|Any CPU.ActiveCfg = Release|Any CPU
		{7FDB48AA-89B8-433D-BA76-3268471A97C4}.Release|Any CPU.Build.0 = Release|Any CPU
		{6B0F8BAD-DCB0-42A3-9AEA-141EC81DA556}.Debug|Any CPU.ActiveCfg = Debug|Any CPU
		{6B0F8BAD-DCB0-42A3-9AEA-141EC81DA556}.Debug|Any CPU.Build.0 = Debug|Any CPU
		{6B0F8BAD-DCB0-42A3-9AEA-141EC81DA556}.Release|Any CPU.ActiveCfg = Release|Any CPU
		{6B0F8BAD-DCB0-42A3-9AEA-141EC81DA556}.Release|Any CPU.Build.0 = Release|Any CPU
		{A9473A9A-E9CF-47A2-AD6D-4B31471A8197}.Debug|Any CPU.ActiveCfg = Debug|Any CPU
		{A9473A9A-E9CF-47A2-AD6D-4B31471A8197}.Debug|Any CPU.Build.0 = Debug|Any CPU
		{A9473A9A-E9CF-47A2-AD6D-4B31471A8197}.Release|Any CPU.ActiveCfg = Release|Any CPU
		{A9473A9A-E9CF-47A2-AD6D-4B31471A8197}.Release|Any CPU.Build.0 = Release|Any CPU
		{C9E30639-19DB-4471-916B-8ECDD4D0A9B8}.Debug|Any CPU.ActiveCfg = Debug|Any CPU
		{C9E30639-19DB-4471-916B-8ECDD4D0A9B8}.Debug|Any CPU.Build.0 = Debug|Any CPU
		{C9E30639-19DB-4471-916B-8ECDD4D0A9B8}.Release|Any CPU.ActiveCfg = Release|Any CPU
		{C9E30639-19DB-4471-916B-8ECDD4D0A9B8}.Release|Any CPU.Build.0 = Release|Any CPU
		{67F07E72-629A-4AE2-899B-DAF7328780DB}.Debug|Any CPU.ActiveCfg = Debug|Any CPU
		{67F07E72-629A-4AE2-899B-DAF7328780DB}.Debug|Any CPU.Build.0 = Debug|Any CPU
		{67F07E72-629A-4AE2-899B-DAF7328780DB}.Release|Any CPU.ActiveCfg = Release|Any CPU
		{67F07E72-629A-4AE2-899B-DAF7328780DB}.Release|Any CPU.Build.0 = Release|Any CPU
		{20D846EE-2C4C-4225-AFC4-A1138EEDE5B4}.Debug|Any CPU.ActiveCfg = Debug|Any CPU
		{20D846EE-2C4C-4225-AFC4-A1138EEDE5B4}.Debug|Any CPU.Build.0 = Debug|Any CPU
		{20D846EE-2C4C-4225-AFC4-A1138EEDE5B4}.Release|Any CPU.ActiveCfg = Release|Any CPU
		{20D846EE-2C4C-4225-AFC4-A1138EEDE5B4}.Release|Any CPU.Build.0 = Release|Any CPU
		{7AFB3313-83E8-49FF-8B67-FBF5FE595AEB}.Debug|Any CPU.ActiveCfg = Debug|Any CPU
		{7AFB3313-83E8-49FF-8B67-FBF5FE595AEB}.Debug|Any CPU.Build.0 = Debug|Any CPU
		{7AFB3313-83E8-49FF-8B67-FBF5FE595AEB}.Release|Any CPU.ActiveCfg = Release|Any CPU
		{7AFB3313-83E8-49FF-8B67-FBF5FE595AEB}.Release|Any CPU.Build.0 = Release|Any CPU
		{C2BF508D-CAE0-4CE3-B99C-5A376362F3DF}.Debug|Any CPU.ActiveCfg = Debug|Any CPU
		{C2BF508D-CAE0-4CE3-B99C-5A376362F3DF}.Debug|Any CPU.Build.0 = Debug|Any CPU
		{C2BF508D-CAE0-4CE3-B99C-5A376362F3DF}.Release|Any CPU.ActiveCfg = Release|Any CPU
		{C2BF508D-CAE0-4CE3-B99C-5A376362F3DF}.Release|Any CPU.Build.0 = Release|Any CPU
		{10623EDF-2568-4F0A-9B65-20662272E370}.Debug|Any CPU.ActiveCfg = Debug|Any CPU
		{10623EDF-2568-4F0A-9B65-20662272E370}.Debug|Any CPU.Build.0 = Debug|Any CPU
		{10623EDF-2568-4F0A-9B65-20662272E370}.Release|Any CPU.ActiveCfg = Release|Any CPU
		{10623EDF-2568-4F0A-9B65-20662272E370}.Release|Any CPU.Build.0 = Release|Any CPU
		{B45D61DF-EE64-4C1C-937B-DBE6A3253171}.Debug|Any CPU.ActiveCfg = Debug|Any CPU
		{B45D61DF-EE64-4C1C-937B-DBE6A3253171}.Debug|Any CPU.Build.0 = Debug|Any CPU
		{B45D61DF-EE64-4C1C-937B-DBE6A3253171}.Release|Any CPU.ActiveCfg = Release|Any CPU
		{B45D61DF-EE64-4C1C-937B-DBE6A3253171}.Release|Any CPU.Build.0 = Release|Any CPU
		{DAA8BE05-ED7C-4FD5-861E-547588049656}.Debug|Any CPU.ActiveCfg = Debug|Any CPU
		{DAA8BE05-ED7C-4FD5-861E-547588049656}.Debug|Any CPU.Build.0 = Debug|Any CPU
		{DAA8BE05-ED7C-4FD5-861E-547588049656}.Release|Any CPU.ActiveCfg = Release|Any CPU
		{DAA8BE05-ED7C-4FD5-861E-547588049656}.Release|Any CPU.Build.0 = Release|Any CPU
		{0AEC912D-7DD4-4EB0-AC66-8A93F8477F9F}.Debug|Any CPU.ActiveCfg = Debug|Any CPU
		{0AEC912D-7DD4-4EB0-AC66-8A93F8477F9F}.Debug|Any CPU.Build.0 = Debug|Any CPU
		{0AEC912D-7DD4-4EB0-AC66-8A93F8477F9F}.Release|Any CPU.ActiveCfg = Release|Any CPU
		{0AEC912D-7DD4-4EB0-AC66-8A93F8477F9F}.Release|Any CPU.Build.0 = Release|Any CPU
		{B71277F6-E81F-45B1-A9B4-C783E92AA9A9}.Debug|Any CPU.ActiveCfg = Debug|Any CPU
		{B71277F6-E81F-45B1-A9B4-C783E92AA9A9}.Debug|Any CPU.Build.0 = Debug|Any CPU
		{B71277F6-E81F-45B1-A9B4-C783E92AA9A9}.Release|Any CPU.ActiveCfg = Release|Any CPU
		{B71277F6-E81F-45B1-A9B4-C783E92AA9A9}.Release|Any CPU.Build.0 = Release|Any CPU
		{C345C97A-8499-4364-809B-76E054ADCD48}.Debug|Any CPU.ActiveCfg = Debug|Any CPU
		{C345C97A-8499-4364-809B-76E054ADCD48}.Debug|Any CPU.Build.0 = Debug|Any CPU
		{C345C97A-8499-4364-809B-76E054ADCD48}.Release|Any CPU.ActiveCfg = Release|Any CPU
		{C345C97A-8499-4364-809B-76E054ADCD48}.Release|Any CPU.Build.0 = Release|Any CPU
		{B69FA6F7-F6D2-4ED2-9167-F0A981B4D9E8}.Debug|Any CPU.ActiveCfg = Debug|Any CPU
		{B69FA6F7-F6D2-4ED2-9167-F0A981B4D9E8}.Debug|Any CPU.Build.0 = Debug|Any CPU
		{B69FA6F7-F6D2-4ED2-9167-F0A981B4D9E8}.Release|Any CPU.ActiveCfg = Release|Any CPU
		{B69FA6F7-F6D2-4ED2-9167-F0A981B4D9E8}.Release|Any CPU.Build.0 = Release|Any CPU
		{F1E7C6C7-63A4-4478-B959-B5ED5046FC44}.Debug|Any CPU.ActiveCfg = Debug|Any CPU
		{F1E7C6C7-63A4-4478-B959-B5ED5046FC44}.Debug|Any CPU.Build.0 = Debug|Any CPU
		{F1E7C6C7-63A4-4478-B959-B5ED5046FC44}.Release|Any CPU.ActiveCfg = Release|Any CPU
		{F1E7C6C7-63A4-4478-B959-B5ED5046FC44}.Release|Any CPU.Build.0 = Release|Any CPU
		{D61A3F09-B477-4BA4-B65A-6E70854AD260}.Debug|Any CPU.ActiveCfg = Debug|Any CPU
		{D61A3F09-B477-4BA4-B65A-6E70854AD260}.Debug|Any CPU.Build.0 = Debug|Any CPU
		{D61A3F09-B477-4BA4-B65A-6E70854AD260}.Release|Any CPU.ActiveCfg = Release|Any CPU
		{D61A3F09-B477-4BA4-B65A-6E70854AD260}.Release|Any CPU.Build.0 = Release|Any CPU
		{ADAA6F46-FB80-4CAB-BB67-E10E34A516E9}.Debug|Any CPU.ActiveCfg = Debug|Any CPU
		{ADAA6F46-FB80-4CAB-BB67-E10E34A516E9}.Debug|Any CPU.Build.0 = Debug|Any CPU
		{ADAA6F46-FB80-4CAB-BB67-E10E34A516E9}.Release|Any CPU.ActiveCfg = Release|Any CPU
		{ADAA6F46-FB80-4CAB-BB67-E10E34A516E9}.Release|Any CPU.Build.0 = Release|Any CPU
		{29845014-08FB-4D3C-9F49-42DAF8EBC33A}.Debug|Any CPU.ActiveCfg = Debug|Any CPU
		{29845014-08FB-4D3C-9F49-42DAF8EBC33A}.Debug|Any CPU.Build.0 = Debug|Any CPU
		{29845014-08FB-4D3C-9F49-42DAF8EBC33A}.Release|Any CPU.ActiveCfg = Release|Any CPU
		{29845014-08FB-4D3C-9F49-42DAF8EBC33A}.Release|Any CPU.Build.0 = Release|Any CPU
		{7A95AE24-E8F7-429F-9B04-E2974C4BE861}.Debug|Any CPU.ActiveCfg = Debug|Any CPU
		{7A95AE24-E8F7-429F-9B04-E2974C4BE861}.Debug|Any CPU.Build.0 = Debug|Any CPU
		{7A95AE24-E8F7-429F-9B04-E2974C4BE861}.Release|Any CPU.ActiveCfg = Release|Any CPU
		{7A95AE24-E8F7-429F-9B04-E2974C4BE861}.Release|Any CPU.Build.0 = Release|Any CPU
		{5B6B0BE8-28E4-4FBF-B7AE-1221D4191DFB}.Debug|Any CPU.ActiveCfg = Debug|Any CPU
		{5B6B0BE8-28E4-4FBF-B7AE-1221D4191DFB}.Debug|Any CPU.Build.0 = Debug|Any CPU
		{5B6B0BE8-28E4-4FBF-B7AE-1221D4191DFB}.Release|Any CPU.ActiveCfg = Release|Any CPU
		{5B6B0BE8-28E4-4FBF-B7AE-1221D4191DFB}.Release|Any CPU.Build.0 = Release|Any CPU
		{5B045209-E6CF-4F56-B04D-74F6900E5C2C}.Debug|Any CPU.ActiveCfg = Debug|Any CPU
		{5B045209-E6CF-4F56-B04D-74F6900E5C2C}.Debug|Any CPU.Build.0 = Debug|Any CPU
		{5B045209-E6CF-4F56-B04D-74F6900E5C2C}.Release|Any CPU.ActiveCfg = Release|Any CPU
		{5B045209-E6CF-4F56-B04D-74F6900E5C2C}.Release|Any CPU.Build.0 = Release|Any CPU
		{5454BDD2-832A-4495-8639-A57A449242EB}.Debug|Any CPU.ActiveCfg = Debug|Any CPU
		{5454BDD2-832A-4495-8639-A57A449242EB}.Debug|Any CPU.Build.0 = Debug|Any CPU
		{5454BDD2-832A-4495-8639-A57A449242EB}.Release|Any CPU.ActiveCfg = Release|Any CPU
		{5454BDD2-832A-4495-8639-A57A449242EB}.Release|Any CPU.Build.0 = Release|Any CPU
		{E7D4CC03-4B28-414C-B656-5F843D509CC9}.Debug|Any CPU.ActiveCfg = Debug|Any CPU
		{E7D4CC03-4B28-414C-B656-5F843D509CC9}.Debug|Any CPU.Build.0 = Debug|Any CPU
		{E7D4CC03-4B28-414C-B656-5F843D509CC9}.Release|Any CPU.ActiveCfg = Release|Any CPU
		{E7D4CC03-4B28-414C-B656-5F843D509CC9}.Release|Any CPU.Build.0 = Release|Any CPU
		{5D5B016C-4720-486C-B83A-C71A00165C0B}.Debug|Any CPU.ActiveCfg = Debug|Any CPU
		{5D5B016C-4720-486C-B83A-C71A00165C0B}.Debug|Any CPU.Build.0 = Debug|Any CPU
		{5D5B016C-4720-486C-B83A-C71A00165C0B}.Release|Any CPU.ActiveCfg = Release|Any CPU
		{5D5B016C-4720-486C-B83A-C71A00165C0B}.Release|Any CPU.Build.0 = Release|Any CPU
		{EC55F04D-6425-44D7-84C4-A96A5B4CC514}.Debug|Any CPU.ActiveCfg = Debug|Any CPU
		{EC55F04D-6425-44D7-84C4-A96A5B4CC514}.Debug|Any CPU.Build.0 = Debug|Any CPU
		{EC55F04D-6425-44D7-84C4-A96A5B4CC514}.Release|Any CPU.ActiveCfg = Release|Any CPU
		{EC55F04D-6425-44D7-84C4-A96A5B4CC514}.Release|Any CPU.Build.0 = Release|Any CPU
		{A40E7BA3-7EBF-432B-B611-D7FBD3F69EB0}.Debug|Any CPU.ActiveCfg = Debug|Any CPU
		{A40E7BA3-7EBF-432B-B611-D7FBD3F69EB0}.Debug|Any CPU.Build.0 = Debug|Any CPU
		{A40E7BA3-7EBF-432B-B611-D7FBD3F69EB0}.Release|Any CPU.ActiveCfg = Release|Any CPU
		{A40E7BA3-7EBF-432B-B611-D7FBD3F69EB0}.Release|Any CPU.Build.0 = Release|Any CPU
	EndGlobalSection
	GlobalSection(SolutionProperties) = preSolution
		HideSolutionNode = FALSE
	EndGlobalSection
	GlobalSection(NestedProjects) = preSolution
		{0AEC912D-7DD4-4EB0-AC66-8A93F8477F9F} = {C9844B68-209B-4552-B97C-BA58A52D7D27}
		{B71277F6-E81F-45B1-A9B4-C783E92AA9A9} = {C9844B68-209B-4552-B97C-BA58A52D7D27}
		{C345C97A-8499-4364-809B-76E054ADCD48} = {EC67DC48-A7E2-4F56-ADB1-D42221518D2D}
		{B69FA6F7-F6D2-4ED2-9167-F0A981B4D9E8} = {EC67DC48-A7E2-4F56-ADB1-D42221518D2D}
		{F1E7C6C7-63A4-4478-B959-B5ED5046FC44} = {87192098-FCBE-49BF-BB9A-5D9F52417174}
		{D61A3F09-B477-4BA4-B65A-6E70854AD260} = {87192098-FCBE-49BF-BB9A-5D9F52417174}
		{ADAA6F46-FB80-4CAB-BB67-E10E34A516E9} = {219F1AE2-BD51-477A-B419-D75F6ABE26AB}
		{29845014-08FB-4D3C-9F49-42DAF8EBC33A} = {219F1AE2-BD51-477A-B419-D75F6ABE26AB}
		{7A95AE24-E8F7-429F-9B04-E2974C4BE861} = {F6E261B9-6135-4665-AD13-3043053D3471}
		{5B6B0BE8-28E4-4FBF-B7AE-1221D4191DFB} = {F6E261B9-6135-4665-AD13-3043053D3471}
	EndGlobalSection
	GlobalSection(ExtensibilityGlobals) = postSolution
		SolutionGuid = {6DFCFA67-E07C-477F-AD47-7A5A2A2F3AA9}
	EndGlobalSection
EndGlobal
